
Microsoft Visual Studio Solution File, Format Version 12.00
# Visual Studio Version 16
VisualStudioVersion = 16.0.30711.63
MinimumVisualStudioVersion = 10.0.40219.1
Project("{FAE04EC0-301F-11D3-BF4B-00C04F79EFBC}") = "ubit.ipt.server", "ubit.ipt.server\ubit.ipt.server.csproj", "{F93075C8-42C0-49EA-A54C-274470E2CFE4}"
EndProject
Global
	GlobalSection(SolutionConfigurationPlatforms) = preSolution
		Debug|Any CPU = Debug|Any CPU
		Release|Any CPU = Release|Any CPU
	EndGlobalSection
	GlobalSection(ProjectConfigurationPlatforms) = postSolution
		{F93075C8-42C0-49EA-A54C-274470E2CFE4}.Debug|Any CPU.ActiveCfg = Debug|Any CPU
		{F93075C8-42C0-49EA-A54C-274470E2CFE4}.Debug|Any CPU.Build.0 = Debug|Any CPU
		{F93075C8-42C0-49EA-A54C-274470E2CFE4}.Release|Any CPU.ActiveCfg = Release|Any CPU
		{F93075C8-42C0-49EA-A54C-274470E2CFE4}.Release|Any CPU.Build.0 = Release|Any CPU
	EndGlobalSection
	GlobalSection(SolutionProperties) = preSolution
		HideSolutionNode = FALSE
	EndGlobalSection
	GlobalSection(ExtensibilityGlobals) = postSolution
		SolutionGuid = {F27476B0-586E-49A0-B1A6-18B767C88B64}
	EndGlobalSection
EndGlobal
